
Microsoft Visual Studio Solution File, Format Version 12.00
# Visual Studio Version 17
VisualStudioVersion = 17.4.33213.308
MinimumVisualStudioVersion = 10.0.40219.1
Project("{FAE04EC0-301F-11D3-BF4B-00C04F79EFBC}") = "Triggers_JAMB.Android", "Triggers_JAMB.Android\Triggers_JAMB.Android.csproj", "{7B38354D-DDF7-494F-9EC0-31A3B52E8118}"
EndProject
Project("{FAE04EC0-301F-11D3-BF4B-00C04F79EFBC}") = "Triggers_JAMB.iOS", "Triggers_JAMB.iOS\Triggers_JAMB.iOS.csproj", "{D0128E8E-6211-491A-BE19-60DB23ED1D0E}"
EndProject
Project("{FAE04EC0-301F-11D3-BF4B-00C04F79EFBC}") = "Triggers_JAMB", "Triggers_JAMB\Triggers_JAMB.csproj", "{DF7C98A2-07F7-4AEB-A945-F675427277C7}"
EndProject
Global
	GlobalSection(SolutionConfigurationPlatforms) = preSolution
		Debug|Any CPU = Debug|Any CPU
		Debug|iPhone = Debug|iPhone
		Debug|iPhoneSimulator = Debug|iPhoneSimulator
		Release|Any CPU = Release|Any CPU
		Release|iPhone = Release|iPhone
		Release|iPhoneSimulator = Release|iPhoneSimulator
	EndGlobalSection
	GlobalSection(ProjectConfigurationPlatforms) = postSolution
		{7B38354D-DDF7-494F-9EC0-31A3B52E8118}.Debug|Any CPU.ActiveCfg = Debug|Any CPU
		{7B38354D-DDF7-494F-9EC0-31A3B52E8118}.Debug|Any CPU.Build.0 = Debug|Any CPU
		{7B38354D-DDF7-494F-9EC0-31A3B52E8118}.Debug|Any CPU.Deploy.0 = Debug|Any CPU
		{7B38354D-DDF7-494F-9EC0-31A3B52E8118}.Debug|iPhone.ActiveCfg = Debug|Any CPU
		{7B38354D-DDF7-494F-9EC0-31A3B52E8118}.Debug|iPhone.Build.0 = Debug|Any CPU
		{7B38354D-DDF7-494F-9EC0-31A3B52E8118}.Debug|iPhone.Deploy.0 = Debug|Any CPU
		{7B38354D-DDF7-494F-9EC0-31A3B52E8118}.Debug|iPhoneSimulator.ActiveCfg = Debug|Any CPU
		{7B38354D-DDF7-494F-9EC0-31A3B52E8118}.Debug|iPhoneSimulator.Build.0 = Debug|Any CPU
		{7B38354D-DDF7-494F-9EC0-31A3B52E8118}.Debug|iPhoneSimulator.Deploy.0 = Debug|Any CPU
		{7B38354D-DDF7-494F-9EC0-31A3B52E8118}.Release|Any CPU.ActiveCfg = Release|Any CPU
		{7B38354D-DDF7-494F-9EC0-31A3B52E8118}.Release|Any CPU.Build.0 = Release|Any CPU
		{7B38354D-DDF7-494F-9EC0-31A3B52E8118}.Release|Any CPU.Deploy.0 = Release|Any CPU
		{7B38354D-DDF7-494F-9EC0-31A3B52E8118}.Release|iPhone.ActiveCfg = Release|Any CPU
		{7B38354D-DDF7-494F-9EC0-31A3B52E8118}.Release|iPhone.Build.0 = Release|Any CPU
		{7B38354D-DDF7-494F-9EC0-31A3B52E8118}.Release|iPhone.Deploy.0 = Release|Any CPU
		{7B38354D-DDF7-494F-9EC0-31A3B52E8118}.Release|iPhoneSimulator.ActiveCfg = Release|Any CPU
		{7B38354D-DDF7-494F-9EC0-31A3B52E8118}.Release|iPhoneSimulator.Build.0 = Release|Any CPU
		{7B38354D-DDF7-494F-9EC0-31A3B52E8118}.Release|iPhoneSimulator.Deploy.0 = Release|Any CPU
		{D0128E8E-6211-491A-BE19-60DB23ED1D0E}.Debug|Any CPU.ActiveCfg = Debug|iPhone
		{D0128E8E-6211-491A-BE19-60DB23ED1D0E}.Debug|Any CPU.Build.0 = Debug|iPhone
		{D0128E8E-6211-491A-BE19-60DB23ED1D0E}.Debug|Any CPU.Deploy.0 = Debug|iPhone
		{D0128E8E-6211-491A-BE19-60DB23ED1D0E}.Debug|iPhone.ActiveCfg = Debug|iPhone
		{D0128E8E-6211-491A-BE19-60DB23ED1D0E}.Debug|iPhone.Build.0 = Debug|iPhone
		{D0128E8E-6211-491A-BE19-60DB23ED1D0E}.Debug|iPhone.Deploy.0 = Debug|iPhone
		{D0128E8E-6211-491A-BE19-60DB23ED1D0E}.Debug|iPhoneSimulator.ActiveCfg = Debug|iPhoneSimulator
		{D0128E8E-6211-491A-BE19-60DB23ED1D0E}.Debug|iPhoneSimulator.Build.0 = Debug|iPhoneSimulator
		{D0128E8E-6211-491A-BE19-60DB23ED1D0E}.Debug|iPhoneSimulator.Deploy.0 = Debug|iPhoneSimulator
		{D0128E8E-6211-491A-BE19-60DB23ED1D0E}.Release|Any CPU.ActiveCfg = Release|iPhoneSimulator
		{D0128E8E-6211-491A-BE19-60DB23ED1D0E}.Release|Any CPU.Build.0 = Release|iPhoneSimulator
		{D0128E8E-6211-491A-BE19-60DB23ED1D0E}.Release|Any CPU.Deploy.0 = Release|iPhoneSimulator
		{D0128E8E-6211-491A-BE19-60DB23ED1D0E}.Release|iPhone.ActiveCfg = Release|iPhone
		{D0128E8E-6211-491A-BE19-60DB23ED1D0E}.Release|iPhone.Build.0 = Release|iPhone
		{D0128E8E-6211-491A-BE19-60DB23ED1D0E}.Release|iPhone.Deploy.0 = Release|iPhone
		{D0128E8E-6211-491A-BE19-60DB23ED1D0E}.Release|iPhoneSimulator.ActiveCfg = Release|iPhoneSimulator
		{D0128E8E-6211-491A-BE19-60DB23ED1D0E}.Release|iPhoneSimulator.Build.0 = Release|iPhoneSimulator
		{D0128E8E-6211-491A-BE19-60DB23ED1D0E}.Release|iPhoneSimulator.Deploy.0 = Release|iPhoneSimulator
		{DF7C98A2-07F7-4AEB-A945-F675427277C7}.Debug|Any CPU.ActiveCfg = Debug|Any CPU
		{DF7C98A2-07F7-4AEB-A945-F675427277C7}.Debug|Any CPU.Build.0 = Debug|Any CPU
		{DF7C98A2-07F7-4AEB-A945-F675427277C7}.Debug|Any CPU.Deploy.0 = Debug|Any CPU
		{DF7C98A2-07F7-4AEB-A945-F675427277C7}.Debug|iPhone.ActiveCfg = Debug|Any CPU
		{DF7C98A2-07F7-4AEB-A945-F675427277C7}.Debug|iPhone.Build.0 = Debug|Any CPU
		{DF7C98A2-07F7-4AEB-A945-F675427277C7}.Debug|iPhone.Deploy.0 = Debug|Any CPU
		{DF7C98A2-07F7-4AEB-A945-F675427277C7}.Debug|iPhoneSimulator.ActiveCfg = Debug|Any CPU
		{DF7C98A2-07F7-4AEB-A945-F675427277C7}.Debug|iPhoneSimulator.Build.0 = Debug|Any CPU
		{DF7C98A2-07F7-4AEB-A945-F675427277C7}.Debug|iPhoneSimulator.Deploy.0 = Debug|Any CPU
		{DF7C98A2-07F7-4AEB-A945-F675427277C7}.Release|Any CPU.ActiveCfg = Release|Any CPU
		{DF7C98A2-07F7-4AEB-A945-F675427277C7}.Release|Any CPU.Build.0 = Release|Any CPU
		{DF7C98A2-07F7-4AEB-A945-F675427277C7}.Release|Any CPU.Deploy.0 = Release|Any CPU
		{DF7C98A2-07F7-4AEB-A945-F675427277C7}.Release|iPhone.ActiveCfg = Release|Any CPU
		{DF7C98A2-07F7-4AEB-A945-F675427277C7}.Release|iPhone.Build.0 = Release|Any CPU
		{DF7C98A2-07F7-4AEB-A945-F675427277C7}.Release|iPhone.Deploy.0 = Release|Any CPU
		{DF7C98A2-07F7-4AEB-A945-F675427277C7}.Release|iPhoneSimulator.ActiveCfg = Release|Any CPU
		{DF7C98A2-07F7-4AEB-A945-F675427277C7}.Release|iPhoneSimulator.Build.0 = Release|Any CPU
		{DF7C98A2-07F7-4AEB-A945-F675427277C7}.Release|iPhoneSimulator.Deploy.0 = Release|Any CPU
	EndGlobalSection
	GlobalSection(SolutionProperties) = preSolution
		HideSolutionNode = FALSE
	EndGlobalSection
	GlobalSection(ExtensibilityGlobals) = postSolution
		SolutionGuid = {D0440FF1-9FA6-4D49-AF89-9F2E4178ABCE}
	EndGlobalSection
EndGlobal
